// !$*UTF8*$!
{
	archiveVersion = 1;
	classes = {
	};
	objectVersion = 46;
	objects = {

/* Begin PBXBuildFile section */
		1348CAF11D2E7ACA00F81B77 /* AppDelegate.swift in Sources */ = {isa = PBXBuildFile; fileRef = 1348CAF01D2E7ACA00F81B77 /* AppDelegate.swift */; };
		1348CAF31D2E7ACA00F81B77 /* ViewController.swift in Sources */ = {isa = PBXBuildFile; fileRef = 1348CAF21D2E7ACA00F81B77 /* ViewController.swift */; };
		1348CAF61D2E7ACA00F81B77 /* Main.storyboard in Resources */ = {isa = PBXBuildFile; fileRef = 1348CAF41D2E7ACA00F81B77 /* Main.storyboard */; };
		1348CAF81D2E7ACA00F81B77 /* Assets.xcassets in Resources */ = {isa = PBXBuildFile; fileRef = 1348CAF71D2E7ACA00F81B77 /* Assets.xcassets */; };
		1348CAFB1D2E7ACA00F81B77 /* LaunchScreen.storyboard in Resources */ = {isa = PBXBuildFile; fileRef = 1348CAF91D2E7ACA00F81B77 /* LaunchScreen.storyboard */; };
		1348CB051D2E7BC200F81B77 /* Temperature.swift in Sources */ = {isa = PBXBuildFile; fileRef = 1348CB021D2E7BC200F81B77 /* Temperature.swift */; };
		1348CB061D2E7BC200F81B77 /* WeatherIcon.swift in Sources */ = {isa = PBXBuildFile; fileRef = 1348CB031D2E7BC200F81B77 /* WeatherIcon.swift */; };
		1348CB071D2E7BC200F81B77 /* weathericons-regular-webfont.ttf in Resources */ = {isa = PBXBuildFile; fileRef = 1348CB041D2E7BC200F81B77 /* weathericons-regular-webfont.ttf */; };
		1348CB091D2E7BEC00F81B77 /* Default-568h@2x.png in Resources */ = {isa = PBXBuildFile; fileRef = 1348CB081D2E7BEC00F81B77 /* Default-568h@2x.png */; };
		1348CB341D2E7E0C00F81B77 /* Alamofire.framework in Frameworks */ = {isa = PBXBuildFile; fileRef = 1348CB331D2E7E0C00F81B77 /* Alamofire.framework */; };
		63DC08A71489A9BB61901DD3 /* Pods_Weather.framework in Frameworks */ = {isa = PBXBuildFile; fileRef = D81D18B9BBC6A2088A383B99 /* Pods_Weather.framework */; };
/* End PBXBuildFile section */

/* Begin PBXFileReference section */
		1348CAED1D2E7ACA00F81B77 /* Weather.app */ = {isa = PBXFileReference; explicitFileType = wrapper.application; includeInIndex = 0; path = Weather.app; sourceTree = BUILT_PRODUCTS_DIR; };
		1348CAF01D2E7ACA00F81B77 /* AppDelegate.swift */ = {isa = PBXFileReference; lastKnownFileType = sourcecode.swift; path = AppDelegate.swift; sourceTree = "<group>"; };
		1348CAF21D2E7ACA00F81B77 /* ViewController.swift */ = {isa = PBXFileReference; lastKnownFileType = sourcecode.swift; path = ViewController.swift; sourceTree = "<group>"; };
		1348CAF51D2E7ACA00F81B77 /* Base */ = {isa = PBXFileReference; lastKnownFileType = file.storyboard; name = Base; path = Base.lproj/Main.storyboard; sourceTree = "<group>"; };
		1348CAF71D2E7ACA00F81B77 /* Assets.xcassets */ = {isa = PBXFileReference; lastKnownFileType = folder.assetcatalog; path = Assets.xcassets; sourceTree = "<group>"; };
		1348CAFA1D2E7ACA00F81B77 /* Base */ = {isa = PBXFileReference; lastKnownFileType = file.storyboard; name = Base; path = Base.lproj/LaunchScreen.storyboard; sourceTree = "<group>"; };
		1348CAFC1D2E7ACA00F81B77 /* Info.plist */ = {isa = PBXFileReference; lastKnownFileType = text.plist.xml; path = Info.plist; sourceTree = "<group>"; };
		1348CB021D2E7BC200F81B77 /* Temperature.swift */ = {isa = PBXFileReference; fileEncoding = 4; lastKnownFileType = sourcecode.swift; path = Temperature.swift; sourceTree = "<group>"; };
		1348CB031D2E7BC200F81B77 /* WeatherIcon.swift */ = {isa = PBXFileReference; fileEncoding = 4; lastKnownFileType = sourcecode.swift; path = WeatherIcon.swift; sourceTree = "<group>"; };
		1348CB041D2E7BC200F81B77 /* weathericons-regular-webfont.ttf */ = {isa = PBXFileReference; lastKnownFileType = file; path = "weathericons-regular-webfont.ttf"; sourceTree = "<group>"; };
		1348CB081D2E7BEC00F81B77 /* Default-568h@2x.png */ = {isa = PBXFileReference; lastKnownFileType = image.png; path = "Default-568h@2x.png"; sourceTree = "<group>"; };
		1348CB331D2E7E0C00F81B77 /* Alamofire.framework */ = {isa = PBXFileReference; lastKnownFileType = wrapper.framework; path = Alamofire.framework; sourceTree = "<group>"; };
		70947CFA7A836CE8395BDEAB /* Pods-Weather.debug.xcconfig */ = {isa = PBXFileReference; includeInIndex = 1; lastKnownFileType = text.xcconfig; name = "Pods-Weather.debug.xcconfig"; path = "Pods/Target Support Files/Pods-Weather/Pods-Weather.debug.xcconfig"; sourceTree = "<group>"; };
		D81D18B9BBC6A2088A383B99 /* Pods_Weather.framework */ = {isa = PBXFileReference; explicitFileType = wrapper.framework; includeInIndex = 0; path = Pods_Weather.framework; sourceTree = BUILT_PRODUCTS_DIR; };
		E79514A655134A0A87750C27 /* Pods-Weather.release.xcconfig */ = {isa = PBXFileReference; includeInIndex = 1; lastKnownFileType = text.xcconfig; name = "Pods-Weather.release.xcconfig"; path = "Pods/Target Support Files/Pods-Weather/Pods-Weather.release.xcconfig"; sourceTree = "<group>"; };
/* End PBXFileReference section */

/* Begin PBXFrameworksBuildPhase section */
		1348CAEA1D2E7ACA00F81B77 /* Frameworks */ = {
			isa = PBXFrameworksBuildPhase;
			buildActionMask = 2147483647;
			files = (
				63DC08A71489A9BB61901DD3 /* Pods_Weather.framework in Frameworks */,
				1348CB341D2E7E0C00F81B77 /* Alamofire.framework in Frameworks */,
			);
			runOnlyForDeploymentPostprocessing = 0;
		};
/* End PBXFrameworksBuildPhase section */

/* Begin PBXGroup section */
		1348CAE41D2E7ACA00F81B77 = {
			isa = PBXGroup;
			children = (
				1348CB081D2E7BEC00F81B77 /* Default-568h@2x.png */,
				1348CAEF1D2E7ACA00F81B77 /* Weather */,
				1348CAEE1D2E7ACA00F81B77 /* Products */,
				4EA39BF26695604258761F54 /* Pods */,
				5E9027BA87BCAD0C2550AA5C /* Frameworks */,
			);
			sourceTree = "<group>";
		};
		1348CAEE1D2E7ACA00F81B77 /* Products */ = {
			isa = PBXGroup;
			children = (
				1348CAED1D2E7ACA00F81B77 /* Weather.app */,
			);
			name = Products;
			sourceTree = "<group>";
		};
		1348CAEF1D2E7ACA00F81B77 /* Weather */ = {
			isa = PBXGroup;
			children = (
				1348CB331D2E7E0C00F81B77 /* Alamofire.framework */,
				1348CB021D2E7BC200F81B77 /* Temperature.swift */,
				1348CB031D2E7BC200F81B77 /* WeatherIcon.swift */,
				1348CB041D2E7BC200F81B77 /* weathericons-regular-webfont.ttf */,
				1348CAF01D2E7ACA00F81B77 /* AppDelegate.swift */,
				1348CAF21D2E7ACA00F81B77 /* ViewController.swift */,
				1348CAF41D2E7ACA00F81B77 /* Main.storyboard */,
				1348CAF71D2E7ACA00F81B77 /* Assets.xcassets */,
				1348CAF91D2E7ACA00F81B77 /* LaunchScreen.storyboard */,
				1348CAFC1D2E7ACA00F81B77 /* Info.plist */,
			);
			path = Weather;
			sourceTree = "<group>";
		};
		4EA39BF26695604258761F54 /* Pods */ = {
			isa = PBXGroup;
			children = (
				70947CFA7A836CE8395BDEAB /* Pods-Weather.debug.xcconfig */,
				E79514A655134A0A87750C27 /* Pods-Weather.release.xcconfig */,
			);
			name = Pods;
			sourceTree = "<group>";
		};
		5E9027BA87BCAD0C2550AA5C /* Frameworks */ = {
			isa = PBXGroup;
			children = (
				D81D18B9BBC6A2088A383B99 /* Pods_Weather.framework */,
			);
			name = Frameworks;
			sourceTree = "<group>";
		};
/* End PBXGroup section */

/* Begin PBXNativeTarget section */
		1348CAEC1D2E7ACA00F81B77 /* Weather */ = {
			isa = PBXNativeTarget;
			buildConfigurationList = 1348CAFF1D2E7ACA00F81B77 /* Build configuration list for PBXNativeTarget "Weather" */;
			buildPhases = (
				F98FC7536E2168403D8A5C16 /* [CP] Check Pods Manifest.lock */,
				1348CAE91D2E7ACA00F81B77 /* Sources */,
				1348CAEA1D2E7ACA00F81B77 /* Frameworks */,
				1348CAEB1D2E7ACA00F81B77 /* Resources */,
				68422D86BCFA85F5B8081406 /* [CP] Embed Pods Frameworks */,
				EDD34F1D730B1FBAA4897D8D /* [CP] Copy Pods Resources */,
			);
			buildRules = (
			);
			dependencies = (
			);
			name = Weather;
			productName = Weather;
			productReference = 1348CAED1D2E7ACA00F81B77 /* Weather.app */;
			productType = "com.apple.product-type.application";
		};
/* End PBXNativeTarget section */

/* Begin PBXProject section */
		1348CAE51D2E7ACA00F81B77 /* Project object */ = {
			isa = PBXProject;
			attributes = {
				LastSwiftUpdateCheck = 0730;
				LastUpgradeCheck = 0730;
				ORGANIZATIONNAME = "Xuanyi Liu";
				TargetAttributes = {
					1348CAEC1D2E7ACA00F81B77 = {
						CreatedOnToolsVersion = 7.3.1;
					};
				};
			};
			buildConfigurationList = 1348CAE81D2E7ACA00F81B77 /* Build configuration list for PBXProject "Weather" */;
			compatibilityVersion = "Xcode 3.2";
			developmentRegion = English;
			hasScannedForEncodings = 0;
			knownRegions = (
				en,
				Base,
			);
			mainGroup = 1348CAE41D2E7ACA00F81B77;
			productRefGroup = 1348CAEE1D2E7ACA00F81B77 /* Products */;
			projectDirPath = "";
			projectRoot = "";
			targets = (
				1348CAEC1D2E7ACA00F81B77 /* Weather */,
			);
		};
/* End PBXProject section */

/* Begin PBXResourcesBuildPhase section */
		1348CAEB1D2E7ACA00F81B77 /* Resources */ = {
			isa = PBXResourcesBuildPhase;
			buildActionMask = 2147483647;
			files = (
				1348CAFB1D2E7ACA00F81B77 /* LaunchScreen.storyboard in Resources */,
				1348CAF81D2E7ACA00F81B77 /* Assets.xcassets in Resources */,
				1348CB071D2E7BC200F81B77 /* weathericons-regular-webfont.ttf in Resources */,
				1348CB091D2E7BEC00F81B77 /* Default-568h@2x.png in Resources */,
				1348CAF61D2E7ACA00F81B77 /* Main.storyboard in Resources */,
			);
			runOnlyForDeploymentPostprocessing = 0;
		};
/* End PBXResourcesBuildPhase section */

/* Begin PBXShellScriptBuildPhase section */
		68422D86BCFA85F5B8081406 /* [CP] Embed Pods Frameworks */ = {
			isa = PBXShellScriptBuildPhase;
			buildActionMask = 2147483647;
			files = (
			);
			inputPaths = (
			);
			name = "[CP] Embed Pods Frameworks";
			outputPaths = (
			);
			runOnlyForDeploymentPostprocessing = 0;
			shellPath = /bin/sh;
			shellScript = "\"${SRCROOT}/Pods/Target Support Files/Pods-Weather/Pods-Weather-frameworks.sh\"\n";
			showEnvVarsInLog = 0;
		};
		EDD34F1D730B1FBAA4897D8D /* [CP] Copy Pods Resources */ = {
			isa = PBXShellScriptBuildPhase;
			buildActionMask = 2147483647;
			files = (
			);
			inputPaths = (
			);
			name = "[CP] Copy Pods Resources";
			outputPaths = (
			);
			runOnlyForDeploymentPostprocessing = 0;
			shellPath = /bin/sh;
			shellScript = "\"${SRCROOT}/Pods/Target Support Files/Pods-Weather/Pods-Weather-resources.sh\"\n";
			showEnvVarsInLog = 0;
		};
		F98FC7536E2168403D8A5C16 /* [CP] Check Pods Manifest.lock */ = {
			isa = PBXShellScriptBuildPhase;
			buildActionMask = 2147483647;
			files = (
			);
			inputPaths = (
			);
			name = "[CP] Check Pods Manifest.lock";
			outputPaths = (
			);
			runOnlyForDeploymentPostprocessing = 0;
			shellPath = /bin/sh;
			shellScript = "diff \"${PODS_ROOT}/../Podfile.lock\" \"${PODS_ROOT}/Manifest.lock\" > /dev/null\nif [[ $? != 0 ]] ; then\n    cat << EOM\nerror: The sandbox is not in sync with the Podfile.lock. Run 'pod install' or update your CocoaPods installation.\nEOM\n    exit 1\nfi\n";
			showEnvVarsInLog = 0;
		};
/* End PBXShellScriptBuildPhase section */

/* Begin PBXSourcesBuildPhase section */
		1348CAE91D2E7ACA00F81B77 /* Sources */ = {
			isa = PBXSourcesBuildPhase;
			buildActionMask = 2147483647;
			files = (
				1348CAF31D2E7ACA00F81B77 /* ViewController.swift in Sources */,
				1348CB061D2E7BC200F81B77 /* WeatherIcon.swift in Sources */,
				1348CAF11D2E7ACA00F81B77 /* AppDelegate.swift in Sources */,
				1348CB051D2E7BC200F81B77 /* Temperature.swift in Sources */,
			);
			runOnlyForDeploymentPostprocessing = 0;
		};
/* End PBXSourcesBuildPhase section */

/* Begin PBXVariantGroup section */
		1348CAF41D2E7ACA00F81B77 /* Main.storyboard */ = {
			isa = PBXVariantGroup;
			children = (
				1348CAF51D2E7ACA00F81B77 /* Base */,
			);
			name = Main.storyboard;
			sourceTree = "<group>";
		};
		1348CAF91D2E7ACA00F81B77 /* LaunchScreen.storyboard */ = {
			isa = PBXVariantGroup;
			children = (
				1348CAFA1D2E7ACA00F81B77 /* Base */,
			);
			name = LaunchScreen.storyboard;
			sourceTree = "<group>";
		};
/* End PBXVariantGroup section */

/* Begin XCBuildConfiguration section */
		1348CAFD1D2E7ACA00F81B77 /* Debug */ = {
			isa = XCBuildConfiguration;
			buildSettings = {
				ALWAYS_SEARCH_USER_PATHS = NO;
				CLANG_ANALYZER_NONNULL = YES;
				CLANG_CXX_LANGUAGE_STANDARD = "gnu++0x";
				CLANG_CXX_LIBRARY = "libc++";
				CLANG_ENABLE_MODULES = YES;
				CLANG_ENABLE_OBJC_ARC = YES;
				CLANG_WARN_BOOL_CONVERSION = YES;
				CLANG_WARN_CONSTANT_CONVERSION = YES;
				CLANG_WARN_DIRECT_OBJC_ISA_USAGE = YES_ERROR;
				CLANG_WARN_EMPTY_BODY = YES;
				CLANG_WARN_ENUM_CONVERSION = YES;
				CLANG_WARN_INT_CONVERSION = YES;
				CLANG_WARN_OBJC_ROOT_CLASS = YES_ERROR;
				CLANG_WARN_UNREACHABLE_CODE = YES;
				CLANG_WARN__DUPLICATE_METHOD_MATCH = YES;
				"CODE_SIGN_IDENTITY[sdk=iphoneos*]" = "iPhone Developer";
				COPY_PHASE_STRIP = NO;
				DEBUG_INFORMATION_FORMAT = dwarf;
				ENABLE_STRICT_OBJC_MSGSEND = YES;
				ENABLE_TESTABILITY = YES;
				GCC_C_LANGUAGE_STANDARD = gnu99;
				GCC_DYNAMIC_NO_PIC = NO;
				GCC_NO_COMMON_BLOCKS = YES;
				GCC_OPTIMIZATION_LEVEL = 0;
				GCC_PREPROCESSOR_DEFINITIONS = (
					"DEBUG=1",
					"$(inherited)",
				);
				GCC_WARN_64_TO_32_BIT_CONVERSION = YES;
				GCC_WARN_ABOUT_RETURN_TYPE = YES_ERROR;
				GCC_WARN_UNDECLARED_SELECTOR = YES;
				GCC_WARN_UNINITIALIZED_AUTOS = YES_AGGRESSIVE;
				GCC_WARN_UNUSED_FUNCTION = YES;
				GCC_WARN_UNUSED_VARIABLE = YES;
				IPHONEOS_DEPLOYMENT_TARGET = 9.3;
				MTL_ENABLE_DEBUG_INFO = YES;
				ONLY_ACTIVE_ARCH = YES;
				SDKROOT = iphoneos;
				SWIFT_OPTIMIZATION_LEVEL = "-Onone";
			};
			name = Debug;
		};
		1348CAFE1D2E7ACA00F81B77 /* Release */ = {
			isa = XCBuildConfiguration;
			buildSettings = {
				ALWAYS_SEARCH_USER_PATHS = NO;
				CLANG_ANALYZER_NONNULL = YES;
				CLANG_CXX_LANGUAGE_STANDARD = "gnu++0x";
				CLANG_CXX_LIBRARY = "libc++";
				CLANG_ENABLE_MODULES = YES;
				CLANG_ENABLE_OBJC_ARC = YES;
				CLANG_WARN_BOOL_CONVERSION = YES;
				CLANG_WARN_CONSTANT_CONVERSION = YES;
				CLANG_WARN_DIRECT_OBJC_ISA_USAGE = YES_ERROR;
				CLANG_WARN_EMPTY_BODY = YES;
				CLANG_WARN_ENUM_CONVERSION = YES;
				CLANG_WARN_INT_CONVERSION = YES;
				CLANG_WARN_OBJC_ROOT_CLASS = YES_ERROR;
				CLANG_WARN_UNREACHABLE_CODE = YES;
				CLANG_WARN__DUPLICATE_METHOD_MATCH = YES;
				"CODE_SIGN_IDENTITY[sdk=iphoneos*]" = "iPhone Developer";
				COPY_PHASE_STRIP = NO;
				DEBUG_INFORMATION_FORMAT = "dwarf-with-dsym";
				ENABLE_NS_ASSERTIONS = NO;
				ENABLE_STRICT_OBJC_MSGSEND = YES;
				GCC_C_LANGUAGE_STANDARD = gnu99;
				GCC_NO_COMMON_BLOCKS = YES;
				GCC_WARN_64_TO_32_BIT_CONVERSION = YES;
				GCC_WARN_ABOUT_RETURN_TYPE = YES_ERROR;
				GCC_WARN_UNDECLARED_SELECTOR = YES;
				GCC_WARN_UNINITIALIZED_AUTOS = YES_AGGRESSIVE;
				GCC_WARN_UNUSED_FUNCTION = YES;
				GCC_WARN_UNUSED_VARIABLE = YES;
				IPHONEOS_DEPLOYMENT_TARGET = 9.3;
				MTL_ENABLE_DEBUG_INFO = NO;
				SDKROOT = iphoneos;
				VALIDATE_PRODUCT = YES;
			};
			name = Release;
		};
		1348CB001D2E7ACA00F81B77 /* Debug */ = {
			isa = XCBuildConfiguration;
			baseConfigurationReference = 70947CFA7A836CE8395BDEAB /* Pods-Weather.debug.xcconfig */;
			buildSettings = {
				ASSETCATALOG_COMPILER_APPICON_NAME = AppIcon;
				FRAMEWORK_SEARCH_PATHS = (
					"$(inherited)",
					"$(PROJECT_DIR)/Weather",
				);
				INFOPLIST_FILE = Weather/Info.plist;
				LD_RUNPATH_SEARCH_PATHS = "$(inherited) @executable_path/Frameworks";
				PRODUCT_BUNDLE_IDENTIFIER = com.idarex.Weather;
				PRODUCT_NAME = "$(TARGET_NAME)";
			};
			name = Debug;
		};
		1348CB011D2E7ACA00F81B77 /* Release */ = {
			isa = XCBuildConfiguration;
			baseConfigurationReference = E79514A655134A0A87750C27 /* Pods-Weather.release.xcconfig */;
			buildSettings = {
				ASSETCATALOG_COMPILER_APPICON_NAME = AppIcon;
				FRAMEWORK_SEARCH_PATHS = (
					"$(inherited)",
					"$(PROJECT_DIR)/Weather",
				);
				INFOPLIST_FILE = Weather/Info.plist;
				LD_RUNPATH_SEARCH_PATHS = "$(inherited) @executable_path/Frameworks";
				PRODUCT_BUNDLE_IDENTIFIER = com.idarex.Weather;
				PRODUCT_NAME = "$(TARGET_NAME)";
			};
			name = Release;
		};
/* End XCBuildConfiguration section */

/* Begin XCConfigurationList section */
		1348CAE81D2E7ACA00F81B77 /* Build configuration list for PBXProject "Weather" */ = {
			isa = XCConfigurationList;
			buildConfigurations = (
				1348CAFD1D2E7ACA00F81B77 /* Debug */,
				1348CAFE1D2E7ACA00F81B77 /* Release */,
			);
			defaultConfigurationIsVisible = 0;
			defaultConfigurationName = Release;
		};
		1348CAFF1D2E7ACA00F81B77 /* Build configuration list for PBXNativeTarget "Weather" */ = {
			isa = XCConfigurationList;
			buildConfigurations = (
				1348CB001D2E7ACA00F81B77 /* Debug */,
				1348CB011D2E7ACA00F81B77 /* Release */,
			);
			defaultConfigurationIsVisible = 0;
			defaultConfigurationName = Release;
		};
/* End XCConfigurationList section */
	};
	rootObject = 1348CAE51D2E7ACA00F81B77 /* Project object */;
}
